// !$*UTF8*$!
{
	archiveVersion = 1;
	classes = {
	};
	objectVersion = 46;
	objects = {

/* Begin PBXBuildFile section */
		7BCE2D221D357EF1007EDCF8 /* AppDelegate.swift in Sources */ = {isa = PBXBuildFile; fileRef = 7BCE2D211D357EF1007EDCF8 /* AppDelegate.swift */; };
		7BCE2D241D357EF1007EDCF8 /* ViewController.swift in Sources */ = {isa = PBXBuildFile; fileRef = 7BCE2D231D357EF1007EDCF8 /* ViewController.swift */; };
		7BCE2D271D357EF1007EDCF8 /* Main.storyboard in Resources */ = {isa = PBXBuildFile; fileRef = 7BCE2D251D357EF1007EDCF8 /* Main.storyboard */; };
		7BCE2D291D357EF1007EDCF8 /* Assets.xcassets in Resources */ = {isa = PBXBuildFile; fileRef = 7BCE2D281D357EF1007EDCF8 /* Assets.xcassets */; };
		7BCE2D2C1D357EF1007EDCF8 /* LaunchScreen.storyboard in Resources */ = {isa = PBXBuildFile; fileRef = 7BCE2D2A1D357EF1007EDCF8 /* LaunchScreen.storyboard */; };
		7BCE2D371D357EF1007EDCF8 /* RoastTableTests.swift in Sources */ = {isa = PBXBuildFile; fileRef = 7BCE2D361D357EF1007EDCF8 /* RoastTableTests.swift */; };
		7BCE2D421D357EF1007EDCF8 /* RoastTableUITests.swift in Sources */ = {isa = PBXBuildFile; fileRef = 7BCE2D411D357EF1007EDCF8 /* RoastTableUITests.swift */; };
		7BCE2D521D35850E007EDCF8 /* CelebListViewController.swift in Sources */ = {isa = PBXBuildFile; fileRef = 7BCE2D511D35850E007EDCF8 /* CelebListViewController.swift */; };
		7BCE2D541D3586CE007EDCF8 /* celebs.json in Resources */ = {isa = PBXBuildFile; fileRef = 7BCE2D531D3586CE007EDCF8 /* celebs.json */; };
		7BCE2D561D358987007EDCF8 /* celeb.swift in Sources */ = {isa = PBXBuildFile; fileRef = 7BCE2D551D358987007EDCF8 /* celeb.swift */; };
/* End PBXBuildFile section */

/* Begin PBXContainerItemProxy section */
		7BCE2D331D357EF1007EDCF8 /* PBXContainerItemProxy */ = {
			isa = PBXContainerItemProxy;
			containerPortal = 7BCE2D161D357EF1007EDCF8 /* Project object */;
			proxyType = 1;
			remoteGlobalIDString = 7BCE2D1D1D357EF1007EDCF8;
			remoteInfo = RoastTable;
		};
		7BCE2D3E1D357EF1007EDCF8 /* PBXContainerItemProxy */ = {
			isa = PBXContainerItemProxy;
			containerPortal = 7BCE2D161D357EF1007EDCF8 /* Project object */;
			proxyType = 1;
			remoteGlobalIDString = 7BCE2D1D1D357EF1007EDCF8;
			remoteInfo = RoastTable;
		};
/* End PBXContainerItemProxy section */

/* Begin PBXFileReference section */
		7BCE2D1E1D357EF1007EDCF8 /* RoastTable.app */ = {isa = PBXFileReference; explicitFileType = wrapper.application; includeInIndex = 0; path = RoastTable.app; sourceTree = BUILT_PRODUCTS_DIR; };
		7BCE2D211D357EF1007EDCF8 /* AppDelegate.swift */ = {isa = PBXFileReference; lastKnownFileType = sourcecode.swift; path = AppDelegate.swift; sourceTree = "<group>"; };
		7BCE2D231D357EF1007EDCF8 /* ViewController.swift */ = {isa = PBXFileReference; lastKnownFileType = sourcecode.swift; path = ViewController.swift; sourceTree = "<group>"; };
		7BCE2D261D357EF1007EDCF8 /* Base */ = {isa = PBXFileReference; lastKnownFileType = file.storyboard; name = Base; path = Base.lproj/Main.storyboard; sourceTree = "<group>"; };
		7BCE2D281D357EF1007EDCF8 /* Assets.xcassets */ = {isa = PBXFileReference; lastKnownFileType = folder.assetcatalog; path = Assets.xcassets; sourceTree = "<group>"; };
		7BCE2D2B1D357EF1007EDCF8 /* Base */ = {isa = PBXFileReference; lastKnownFileType = file.storyboard; name = Base; path = Base.lproj/LaunchScreen.storyboard; sourceTree = "<group>"; };
		7BCE2D2D1D357EF1007EDCF8 /* Info.plist */ = {isa = PBXFileReference; lastKnownFileType = text.plist.xml; path = Info.plist; sourceTree = "<group>"; };
		7BCE2D321D357EF1007EDCF8 /* RoastTableTests.xctest */ = {isa = PBXFileReference; explicitFileType = wrapper.cfbundle; includeInIndex = 0; path = RoastTableTests.xctest; sourceTree = BUILT_PRODUCTS_DIR; };
		7BCE2D361D357EF1007EDCF8 /* RoastTableTests.swift */ = {isa = PBXFileReference; lastKnownFileType = sourcecode.swift; path = RoastTableTests.swift; sourceTree = "<group>"; };
		7BCE2D381D357EF1007EDCF8 /* Info.plist */ = {isa = PBXFileReference; lastKnownFileType = text.plist.xml; path = Info.plist; sourceTree = "<group>"; };
		7BCE2D3D1D357EF1007EDCF8 /* RoastTableUITests.xctest */ = {isa = PBXFileReference; explicitFileType = wrapper.cfbundle; includeInIndex = 0; path = RoastTableUITests.xctest; sourceTree = BUILT_PRODUCTS_DIR; };
		7BCE2D411D357EF1007EDCF8 /* RoastTableUITests.swift */ = {isa = PBXFileReference; lastKnownFileType = sourcecode.swift; path = RoastTableUITests.swift; sourceTree = "<group>"; };
		7BCE2D431D357EF1007EDCF8 /* Info.plist */ = {isa = PBXFileReference; lastKnownFileType = text.plist.xml; path = Info.plist; sourceTree = "<group>"; };
		7BCE2D511D35850E007EDCF8 /* CelebListViewController.swift */ = {isa = PBXFileReference; fileEncoding = 4; lastKnownFileType = sourcecode.swift; path = CelebListViewController.swift; sourceTree = "<group>"; };
		7BCE2D531D3586CE007EDCF8 /* celebs.json */ = {isa = PBXFileReference; fileEncoding = 4; lastKnownFileType = text.json; path = celebs.json; sourceTree = "<group>"; };
		7BCE2D551D358987007EDCF8 /* celeb.swift */ = {isa = PBXFileReference; fileEncoding = 4; lastKnownFileType = sourcecode.swift; path = celeb.swift; sourceTree = "<group>"; };
/* End PBXFileReference section */

/* Begin PBXFrameworksBuildPhase section */
		7BCE2D1B1D357EF1007EDCF8 /* Frameworks */ = {
			isa = PBXFrameworksBuildPhase;
			buildActionMask = 2147483647;
			files = (
			);
			runOnlyForDeploymentPostprocessing = 0;
		};
		7BCE2D2F1D357EF1007EDCF8 /* Frameworks */ = {
			isa = PBXFrameworksBuildPhase;
			buildActionMask = 2147483647;
			files = (
			);
			runOnlyForDeploymentPostprocessing = 0;
		};
		7BCE2D3A1D357EF1007EDCF8 /* Frameworks */ = {
			isa = PBXFrameworksBuildPhase;
			buildActionMask = 2147483647;
			files = (
			);
			runOnlyForDeploymentPostprocessing = 0;
		};
/* End PBXFrameworksBuildPhase section */

/* Begin PBXGroup section */
		7BCE2D151D357EF1007EDCF8 = {
			isa = PBXGroup;
			children = (
				7BCE2D201D357EF1007EDCF8 /* RoastTable */,
				7BCE2D351D357EF1007EDCF8 /* RoastTableTests */,
				7BCE2D401D357EF1007EDCF8 /* RoastTableUITests */,
				7BCE2D1F1D357EF1007EDCF8 /* Products */,
			);
			sourceTree = "<group>";
		};
		7BCE2D1F1D357EF1007EDCF8 /* Products */ = {
			isa = PBXGroup;
			children = (
				7BCE2D1E1D357EF1007EDCF8 /* RoastTable.app */,
				7BCE2D321D357EF1007EDCF8 /* RoastTableTests.xctest */,
				7BCE2D3D1D357EF1007EDCF8 /* RoastTableUITests.xctest */,
			);
			name = Products;
			sourceTree = "<group>";
		};
		7BCE2D201D357EF1007EDCF8 /* RoastTable */ = {
			isa = PBXGroup;
			children = (
				7BCE2D211D357EF1007EDCF8 /* AppDelegate.swift */,
				7BCE2D231D357EF1007EDCF8 /* ViewController.swift */,
				7BCE2D511D35850E007EDCF8 /* CelebListViewController.swift */,
				7BCE2D251D357EF1007EDCF8 /* Main.storyboard */,
				7BCE2D281D357EF1007EDCF8 /* Assets.xcassets */,
				7BCE2D2A1D357EF1007EDCF8 /* LaunchScreen.storyboard */,
				7BCE2D2D1D357EF1007EDCF8 /* Info.plist */,
				7BCE2D551D358987007EDCF8 /* celeb.swift */,
				7BCE2D531D3586CE007EDCF8 /* celebs.json */,
			);
			path = RoastTable;
			sourceTree = "<group>";
		};
		7BCE2D351D357EF1007EDCF8 /* RoastTableTests */ = {
			isa = PBXGroup;
			children = (
				7BCE2D361D357EF1007EDCF8 /* RoastTableTests.swift */,
				7BCE2D381D357EF1007EDCF8 /* Info.plist */,
			);
			path = RoastTableTests;
			sourceTree = "<group>";
		};
		7BCE2D401D357EF1007EDCF8 /* RoastTableUITests */ = {
			isa = PBXGroup;
			children = (
				7BCE2D411D357EF1007EDCF8 /* RoastTableUITests.swift */,
				7BCE2D431D357EF1007EDCF8 /* Info.plist */,
			);
			path = RoastTableUITests;
			sourceTree = "<group>";
		};
/* End PBXGroup section */

/* Begin PBXNativeTarget section */
		7BCE2D1D1D357EF1007EDCF8 /* RoastTable */ = {
			isa = PBXNativeTarget;
			buildConfigurationList = 7BCE2D461D357EF1007EDCF8 /* Build configuration list for PBXNativeTarget "RoastTable" */;
			buildPhases = (
				7BCE2D1A1D357EF1007EDCF8 /* Sources */,
				7BCE2D1B1D357EF1007EDCF8 /* Frameworks */,
				7BCE2D1C1D357EF1007EDCF8 /* Resources */,
			);
			buildRules = (
			);
			dependencies = (
			);
			name = RoastTable;
			productName = RoastTable;
			productReference = 7BCE2D1E1D357EF1007EDCF8 /* RoastTable.app */;
			productType = "com.apple.product-type.application";
		};
		7BCE2D311D357EF1007EDCF8 /* RoastTableTests */ = {
			isa = PBXNativeTarget;
			buildConfigurationList = 7BCE2D491D357EF1007EDCF8 /* Build configuration list for PBXNativeTarget "RoastTableTests" */;
			buildPhases = (
				7BCE2D2E1D357EF1007EDCF8 /* Sources */,
				7BCE2D2F1D357EF1007EDCF8 /* Frameworks */,
				7BCE2D301D357EF1007EDCF8 /* Resources */,
			);
			buildRules = (
			);
			dependencies = (
				7BCE2D341D357EF1007EDCF8 /* PBXTargetDependency */,
			);
			name = RoastTableTests;
			productName = RoastTableTests;
			productReference = 7BCE2D321D357EF1007EDCF8 /* RoastTableTests.xctest */;
			productType = "com.apple.product-type.bundle.unit-test";
		};
		7BCE2D3C1D357EF1007EDCF8 /* RoastTableUITests */ = {
			isa = PBXNativeTarget;
			buildConfigurationList = 7BCE2D4C1D357EF1007EDCF8 /* Build configuration list for PBXNativeTarget "RoastTableUITests" */;
			buildPhases = (
				7BCE2D391D357EF1007EDCF8 /* Sources */,
				7BCE2D3A1D357EF1007EDCF8 /* Frameworks */,
				7BCE2D3B1D357EF1007EDCF8 /* Resources */,
			);
			buildRules = (
			);
			dependencies = (
				7BCE2D3F1D357EF1007EDCF8 /* PBXTargetDependency */,
			);
			name = RoastTableUITests;
			productName = RoastTableUITests;
			productReference = 7BCE2D3D1D357EF1007EDCF8 /* RoastTableUITests.xctest */;
			productType = "com.apple.product-type.bundle.ui-testing";
		};
/* End PBXNativeTarget section */

/* Begin PBXProject section */
		7BCE2D161D357EF1007EDCF8 /* Project object */ = {
			isa = PBXProject;
			attributes = {
				LastSwiftUpdateCheck = 0730;
				LastUpgradeCheck = 0730;
				ORGANIZATIONNAME = "Ahad Sheriff";
				TargetAttributes = {
					7BCE2D1D1D357EF1007EDCF8 = {
						CreatedOnToolsVersion = 7.3.1;
					};
					7BCE2D311D357EF1007EDCF8 = {
						CreatedOnToolsVersion = 7.3.1;
						TestTargetID = 7BCE2D1D1D357EF1007EDCF8;
					};
					7BCE2D3C1D357EF1007EDCF8 = {
						CreatedOnToolsVersion = 7.3.1;
						TestTargetID = 7BCE2D1D1D357EF1007EDCF8;
					};
				};
			};
			buildConfigurationList = 7BCE2D191D357EF1007EDCF8 /* Build configuration list for PBXProject "RoastTable" */;
			compatibilityVersion = "Xcode 3.2";
			developmentRegion = English;
			hasScannedForEncodings = 0;
			knownRegions = (
				en,
				Base,
			);
			mainGroup = 7BCE2D151D357EF1007EDCF8;
			productRefGroup = 7BCE2D1F1D357EF1007EDCF8 /* Products */;
			projectDirPath = "";
			projectRoot = "";
			targets = (
				7BCE2D1D1D357EF1007EDCF8 /* RoastTable */,
				7BCE2D311D357EF1007EDCF8 /* RoastTableTests */,
				7BCE2D3C1D357EF1007EDCF8 /* RoastTableUITests */,
			);
		};
/* End PBXProject section */

/* Begin PBXResourcesBuildPhase section */
		7BCE2D1C1D357EF1007EDCF8 /* Resources */ = {
			isa = PBXResourcesBuildPhase;
			buildActionMask = 2147483647;
			files = (
				7BCE2D2C1D357EF1007EDCF8 /* LaunchScreen.storyboard in Resources */,
				7BCE2D291D357EF1007EDCF8 /* Assets.xcassets in Resources */,
				7BCE2D541D3586CE007EDCF8 /* celebs.json in Resources */,
				7BCE2D271D357EF1007EDCF8 /* Main.storyboard in Resources */,
			);
			runOnlyForDeploymentPostprocessing = 0;
		};
		7BCE2D301D357EF1007EDCF8 /* Resources */ = {
			isa = PBXResourcesBuildPhase;
			buildActionMask = 2147483647;
			files = (
			);
			runOnlyForDeploymentPostprocessing = 0;
		};
		7BCE2D3B1D357EF1007EDCF8 /* Resources */ = {
			isa = PBXResourcesBuildPhase;
			buildActionMask = 2147483647;
			files = (
			);
			runOnlyForDeploymentPostprocessing = 0;
		};
/* End PBXResourcesBuildPhase section */

/* Begin PBXSourcesBuildPhase section */
		7BCE2D1A1D357EF1007EDCF8 /* Sources */ = {
			isa = PBXSourcesBuildPhase;
			buildActionMask = 2147483647;
			files = (
				7BCE2D241D357EF1007EDCF8 /* ViewController.swift in Sources */,
				7BCE2D561D358987007EDCF8 /* celeb.swift in Sources */,
				7BCE2D521D35850E007EDCF8 /* CelebListViewController.swift in Sources */,
				7BCE2D221D357EF1007EDCF8 /* AppDelegate.swift in Sources */,
			);
			runOnlyForDeploymentPostprocessing = 0;
		};
		7BCE2D2E1D357EF1007EDCF8 /* Sources */ = {
			isa = PBXSourcesBuildPhase;
			buildActionMask = 2147483647;
			files = (
				7BCE2D371D357EF1007EDCF8 /* RoastTableTests.swift in Sources */,
			);
			runOnlyForDeploymentPostprocessing = 0;
		};
		7BCE2D391D357EF1007EDCF8 /* Sources */ = {
			isa = PBXSourcesBuildPhase;
			buildActionMask = 2147483647;
			files = (
				7BCE2D421D357EF1007EDCF8 /* RoastTableUITests.swift in Sources */,
			);
			runOnlyForDeploymentPostprocessing = 0;
		};
/* End PBXSourcesBuildPhase section */

/* Begin PBXTargetDependency section */
		7BCE2D341D357EF1007EDCF8 /* PBXTargetDependency */ = {
			isa = PBXTargetDependency;
			target = 7BCE2D1D1D357EF1007EDCF8 /* RoastTable */;
			targetProxy = 7BCE2D331D357EF1007EDCF8 /* PBXContainerItemProxy */;
		};
		7BCE2D3F1D357EF1007EDCF8 /* PBXTargetDependency */ = {
			isa = PBXTargetDependency;
			target = 7BCE2D1D1D357EF1007EDCF8 /* RoastTable */;
			targetProxy = 7BCE2D3E1D357EF1007EDCF8 /* PBXContainerItemProxy */;
		};
/* End PBXTargetDependency section */

/* Begin PBXVariantGroup section */
		7BCE2D251D357EF1007EDCF8 /* Main.storyboard */ = {
			isa = PBXVariantGroup;
			children = (
				7BCE2D261D357EF1007EDCF8 /* Base */,
			);
			name = Main.storyboard;
			sourceTree = "<group>";
		};
		7BCE2D2A1D357EF1007EDCF8 /* LaunchScreen.storyboard */ = {
			isa = PBXVariantGroup;
			children = (
				7BCE2D2B1D357EF1007EDCF8 /* Base */,
			);
			name = LaunchScreen.storyboard;
			sourceTree = "<group>";
		};
/* End PBXVariantGroup section */

/* Begin XCBuildConfiguration section */
		7BCE2D441D357EF1007EDCF8 /* Debug */ = {
			isa = XCBuildConfiguration;
			buildSettings = {
				ALWAYS_SEARCH_USER_PATHS = NO;
				CLANG_ANALYZER_NONNULL = YES;
				CLANG_CXX_LANGUAGE_STANDARD = "gnu++0x";
				CLANG_CXX_LIBRARY = "libc++";
				CLANG_ENABLE_MODULES = YES;
				CLANG_ENABLE_OBJC_ARC = YES;
				CLANG_WARN_BOOL_CONVERSION = YES;
				CLANG_WARN_CONSTANT_CONVERSION = YES;
				CLANG_WARN_DIRECT_OBJC_ISA_USAGE = YES_ERROR;
				CLANG_WARN_EMPTY_BODY = YES;
				CLANG_WARN_ENUM_CONVERSION = YES;
				CLANG_WARN_INT_CONVERSION = YES;
				CLANG_WARN_OBJC_ROOT_CLASS = YES_ERROR;
				CLANG_WARN_UNREACHABLE_CODE = YES;
				CLANG_WARN__DUPLICATE_METHOD_MATCH = YES;
				"CODE_SIGN_IDENTITY[sdk=iphoneos*]" = "iPhone Developer";
				COPY_PHASE_STRIP = NO;
				DEBUG_INFORMATION_FORMAT = dwarf;
				ENABLE_STRICT_OBJC_MSGSEND = YES;
				ENABLE_TESTABILITY = YES;
				GCC_C_LANGUAGE_STANDARD = gnu99;
				GCC_DYNAMIC_NO_PIC = NO;
				GCC_NO_COMMON_BLOCKS = YES;
				GCC_OPTIMIZATION_LEVEL = 0;
				GCC_PREPROCESSOR_DEFINITIONS = (
					"DEBUG=1",
					"$(inherited)",
				);
				GCC_WARN_64_TO_32_BIT_CONVERSION = YES;
				GCC_WARN_ABOUT_RETURN_TYPE = YES_ERROR;
				GCC_WARN_UNDECLARED_SELECTOR = YES;
				GCC_WARN_UNINITIALIZED_AUTOS = YES_AGGRESSIVE;
				GCC_WARN_UNUSED_FUNCTION = YES;
				GCC_WARN_UNUSED_VARIABLE = YES;
				IPHONEOS_DEPLOYMENT_TARGET = 9.3;
				MTL_ENABLE_DEBUG_INFO = YES;
				ONLY_ACTIVE_ARCH = YES;
				SDKROOT = iphoneos;
				SWIFT_OPTIMIZATION_LEVEL = "-Onone";
			};
			name = Debug;
		};
		7BCE2D451D357EF1007EDCF8 /* Release */ = {
			isa = XCBuildConfiguration;
			buildSettings = {
				ALWAYS_SEARCH_USER_PATHS = NO;
				CLANG_ANALYZER_NONNULL = YES;
				CLANG_CXX_LANGUAGE_STANDARD = "gnu++0x";
				CLANG_CXX_LIBRARY = "libc++";
				CLANG_ENABLE_MODULES = YES;
				CLANG_ENABLE_OBJC_ARC = YES;
				CLANG_WARN_BOOL_CONVERSION = YES;
				CLANG_WARN_CONSTANT_CONVERSION = YES;
				CLANG_WARN_DIRECT_OBJC_ISA_USAGE = YES_ERROR;
				CLANG_WARN_EMPTY_BODY = YES;
				CLANG_WARN_ENUM_CONVERSION = YES;
				CLANG_WARN_INT_CONVERSION = YES;
				CLANG_WARN_OBJC_ROOT_CLASS = YES_ERROR;
				CLANG_WARN_UNREACHABLE_CODE = YES;
				CLANG_WARN__DUPLICATE_METHOD_MATCH = YES;
				"CODE_SIGN_IDENTITY[sdk=iphoneos*]" = "iPhone Developer";
				COPY_PHASE_STRIP = NO;
				DEBUG_INFORMATION_FORMAT = "dwarf-with-dsym";
				ENABLE_NS_ASSERTIONS = NO;
				ENABLE_STRICT_OBJC_MSGSEND = YES;
				GCC_C_LANGUAGE_STANDARD = gnu99;
				GCC_NO_COMMON_BLOCKS = YES;
				GCC_WARN_64_TO_32_BIT_CONVERSION = YES;
				GCC_WARN_ABOUT_RETURN_TYPE = YES_ERROR;
				GCC_WARN_UNDECLARED_SELECTOR = YES;
				GCC_WARN_UNINITIALIZED_AUTOS = YES_AGGRESSIVE;
				GCC_WARN_UNUSED_FUNCTION = YES;
				GCC_WARN_UNUSED_VARIABLE = YES;
				IPHONEOS_DEPLOYMENT_TARGET = 9.3;
				MTL_ENABLE_DEBUG_INFO = NO;
				SDKROOT = iphoneos;
				VALIDATE_PRODUCT = YES;
			};
			name = Release;
		};
		7BCE2D471D357EF1007EDCF8 /* Debug */ = {
			isa = XCBuildConfiguration;
			buildSettings = {
				ASSETCATALOG_COMPILER_APPICON_NAME = AppIcon;
				INFOPLIST_FILE = RoastTable/Info.plist;
				LD_RUNPATH_SEARCH_PATHS = "$(inherited) @executable_path/Frameworks";
				PRODUCT_BUNDLE_IDENTIFIER = ahadsheriff.RoastTable;
				PRODUCT_NAME = "$(TARGET_NAME)";
			};
			name = Debug;
		};
		7BCE2D481D357EF1007EDCF8 /* Release */ = {
			isa = XCBuildConfiguration;
			buildSettings = {
				ASSETCATALOG_COMPILER_APPICON_NAME = AppIcon;
				INFOPLIST_FILE = RoastTable/Info.plist;
				LD_RUNPATH_SEARCH_PATHS = "$(inherited) @executable_path/Frameworks";
				PRODUCT_BUNDLE_IDENTIFIER = ahadsheriff.RoastTable;
				PRODUCT_NAME = "$(TARGET_NAME)";
			};
			name = Release;
		};
		7BCE2D4A1D357EF1007EDCF8 /* Debug */ = {
			isa = XCBuildConfiguration;
			buildSettings = {
				BUNDLE_LOADER = "$(TEST_HOST)";
				INFOPLIST_FILE = RoastTableTests/Info.plist;
				LD_RUNPATH_SEARCH_PATHS = "$(inherited) @executable_path/Frameworks @loader_path/Frameworks";
				PRODUCT_BUNDLE_IDENTIFIER = ahadsheriff.RoastTableTests;
				PRODUCT_NAME = "$(TARGET_NAME)";
				TEST_HOST = "$(BUILT_PRODUCTS_DIR)/RoastTable.app/RoastTable";
			};
			name = Debug;
		};
		7BCE2D4B1D357EF1007EDCF8 /* Release */ = {
			isa = XCBuildConfiguration;
			buildSettings = {
				BUNDLE_LOADER = "$(TEST_HOST)";
				INFOPLIST_FILE = RoastTableTests/Info.plist;
				LD_RUNPATH_SEARCH_PATHS = "$(inherited) @executable_path/Frameworks @loader_path/Frameworks";
				PRODUCT_BUNDLE_IDENTIFIER = ahadsheriff.RoastTableTests;
				PRODUCT_NAME = "$(TARGET_NAME)";
				TEST_HOST = "$(BUILT_PRODUCTS_DIR)/RoastTable.app/RoastTable";
			};
			name = Release;
		};
		7BCE2D4D1D357EF1007EDCF8 /* Debug */ = {
			isa = XCBuildConfiguration;
			buildSettings = {
				INFOPLIST_FILE = RoastTableUITests/Info.plist;
				LD_RUNPATH_SEARCH_PATHS = "$(inherited) @executable_path/Frameworks @loader_path/Frameworks";
				PRODUCT_BUNDLE_IDENTIFIER = ahadsheriff.RoastTableUITests;
				PRODUCT_NAME = "$(TARGET_NAME)";
				TEST_TARGET_NAME = RoastTable;
			};
			name = Debug;
		};
		7BCE2D4E1D357EF1007EDCF8 /* Release */ = {
			isa = XCBuildConfiguration;
			buildSettings = {
				INFOPLIST_FILE = RoastTableUITests/Info.plist;
				LD_RUNPATH_SEARCH_PATHS = "$(inherited) @executable_path/Frameworks @loader_path/Frameworks";
				PRODUCT_BUNDLE_IDENTIFIER = ahadsheriff.RoastTableUITests;
				PRODUCT_NAME = "$(TARGET_NAME)";
				TEST_TARGET_NAME = RoastTable;
			};
			name = Release;
		};
/* End XCBuildConfiguration section */

/* Begin XCConfigurationList section */
		7BCE2D191D357EF1007EDCF8 /* Build configuration list for PBXProject "RoastTable" */ = {
			isa = XCConfigurationList;
			buildConfigurations = (
				7BCE2D441D357EF1007EDCF8 /* Debug */,
				7BCE2D451D357EF1007EDCF8 /* Release */,
			);
			defaultConfigurationIsVisible = 0;
			defaultConfigurationName = Release;
		};
		7BCE2D461D357EF1007EDCF8 /* Build configuration list for PBXNativeTarget "RoastTable" */ = {
			isa = XCConfigurationList;
			buildConfigurations = (
				7BCE2D471D357EF1007EDCF8 /* Debug */,
				7BCE2D481D357EF1007EDCF8 /* Release */,
			);
			defaultConfigurationIsVisible = 0;
			defaultConfigurationName = Release;
		};
		7BCE2D491D357EF1007EDCF8 /* Build configuration list for PBXNativeTarget "RoastTableTests" */ = {
			isa = XCConfigurationList;
			buildConfigurations = (
				7BCE2D4A1D357EF1007EDCF8 /* Debug */,
				7BCE2D4B1D357EF1007EDCF8 /* Release */,
			);
			defaultConfigurationIsVisible = 0;
			defaultConfigurationName = Release;
		};
		7BCE2D4C1D357EF1007EDCF8 /* Build configuration list for PBXNativeTarget "RoastTableUITests" */ = {
			isa = XCConfigurationList;
			buildConfigurations = (
				7BCE2D4D1D357EF1007EDCF8 /* Debug */,
				7BCE2D4E1D357EF1007EDCF8 /* Release */,
			);
			defaultConfigurationIsVisible = 0;
			defaultConfigurationName = Release;
		};
/* End XCConfigurationList section */
	};
	rootObject = 7BCE2D161D357EF1007EDCF8 /* Project object */;
}
